
Microsoft Visual Studio Solution File, Format Version 12.00
# Visual Studio Version 16
VisualStudioVersion = 16.0.32602.291
MinimumVisualStudioVersion = 10.0.40219.1
Project("{FAE04EC0-301F-11D3-BF4B-00C04F79EFBC}") = "Consumer", "Consumer\Consumer.csproj", "{760107DC-F041-4B9A-AA08-615CA0CFB70B}"
EndProject
Project("{FAE04EC0-301F-11D3-BF4B-00C04F79EFBC}") = "Producer", "Producer\Producer.csproj", "{F8885D12-2F19-46B5-9A81-EA10CD0C5484}"
EndProject
Global
	GlobalSection(SolutionConfigurationPlatforms) = preSolution
		Debug|Any CPU = Debug|Any CPU
		Release|Any CPU = Release|Any CPU
	EndGlobalSection
	GlobalSection(ProjectConfigurationPlatforms) = postSolution
		{760107DC-F041-4B9A-AA08-615CA0CFB70B}.Debug|Any CPU.ActiveCfg = Debug|Any CPU
		{760107DC-F041-4B9A-AA08-615CA0CFB70B}.Debug|Any CPU.Build.0 = Debug|Any CPU
		{760107DC-F041-4B9A-AA08-615CA0CFB70B}.Release|Any CPU.ActiveCfg = Release|Any CPU
		{760107DC-F041-4B9A-AA08-615CA0CFB70B}.Release|Any CPU.Build.0 = Release|Any CPU
		{F8885D12-2F19-46B5-9A81-EA10CD0C5484}.Debug|Any CPU.ActiveCfg = Debug|Any CPU
		{F8885D12-2F19-46B5-9A81-EA10CD0C5484}.Debug|Any CPU.Build.0 = Debug|Any CPU
		{F8885D12-2F19-46B5-9A81-EA10CD0C5484}.Release|Any CPU.ActiveCfg = Release|Any CPU
		{F8885D12-2F19-46B5-9A81-EA10CD0C5484}.Release|Any CPU.Build.0 = Release|Any CPU
	EndGlobalSection
	GlobalSection(SolutionProperties) = preSolution
		HideSolutionNode = FALSE
	EndGlobalSection
	GlobalSection(ExtensibilityGlobals) = postSolution
		SolutionGuid = {6F3364DC-C5FE-42B7-9508-C2B350CE7491}
	EndGlobalSection
EndGlobal
