
Microsoft Visual Studio Solution File, Format Version 12.00
# Visual Studio Version 16
VisualStudioVersion = 16.0.32602.291
MinimumVisualStudioVersion = 10.0.40219.1
Project("{9A19103F-16F7-4668-BE54-9A1E7A4F7556}") = "IS4SERVER", "IS4SERVER\IS4SERVER.csproj", "{19594E3D-ED4A-4E00-B1C7-5D798D70A157}"
EndProject
Project("{FAE04EC0-301F-11D3-BF4B-00C04F79EFBC}") = "api1", "api1\api1.csproj", "{74855701-AA86-4C57-8403-7D5E773697A7}"
EndProject
Global
	GlobalSection(SolutionConfigurationPlatforms) = preSolution
		Debug|Any CPU = Debug|Any CPU
		Release|Any CPU = Release|Any CPU
	EndGlobalSection
	GlobalSection(ProjectConfigurationPlatforms) = postSolution
		{19594E3D-ED4A-4E00-B1C7-5D798D70A157}.Debug|Any CPU.ActiveCfg = Debug|Any CPU
		{19594E3D-ED4A-4E00-B1C7-5D798D70A157}.Debug|Any CPU.Build.0 = Debug|Any CPU
		{19594E3D-ED4A-4E00-B1C7-5D798D70A157}.Release|Any CPU.ActiveCfg = Release|Any CPU
		{19594E3D-ED4A-4E00-B1C7-5D798D70A157}.Release|Any CPU.Build.0 = Release|Any CPU
		{74855701-AA86-4C57-8403-7D5E773697A7}.Debug|Any CPU.ActiveCfg = Debug|Any CPU
		{74855701-AA86-4C57-8403-7D5E773697A7}.Debug|Any CPU.Build.0 = Debug|Any CPU
		{74855701-AA86-4C57-8403-7D5E773697A7}.Release|Any CPU.ActiveCfg = Release|Any CPU
		{74855701-AA86-4C57-8403-7D5E773697A7}.Release|Any CPU.Build.0 = Release|Any CPU
	EndGlobalSection
	GlobalSection(SolutionProperties) = preSolution
		HideSolutionNode = FALSE
	EndGlobalSection
	GlobalSection(ExtensibilityGlobals) = postSolution
		SolutionGuid = {5791E782-E511-4768-9041-E39B7BD5743F}
	EndGlobalSection
EndGlobal
